
Microsoft Visual Studio Solution File, Format Version 12.00
# Visual Studio Version 17
VisualStudioVersion = 17.3.32901.215
MinimumVisualStudioVersion = 10.0.40219.1
Project("{FAE04EC0-301F-11D3-BF4B-00C04F79EFBC}") = "InnowisePilotWebClient", "InnowisePilotWebClient\InnowisePilotWebClient.csproj", "{797F5091-A2F6-4131-9CBD-5C8D1BC0F129}"
EndProject
Global
	GlobalSection(SolutionConfigurationPlatforms) = preSolution
		Debug|Any CPU = Debug|Any CPU
		Release|Any CPU = Release|Any CPU
	EndGlobalSection
	GlobalSection(ProjectConfigurationPlatforms) = postSolution
		{797F5091-A2F6-4131-9CBD-5C8D1BC0F129}.Debug|Any CPU.ActiveCfg = Debug|Any CPU
		{797F5091-A2F6-4131-9CBD-5C8D1BC0F129}.Debug|Any CPU.Build.0 = Debug|Any CPU
		{797F5091-A2F6-4131-9CBD-5C8D1BC0F129}.Release|Any CPU.ActiveCfg = Release|Any CPU
		{797F5091-A2F6-4131-9CBD-5C8D1BC0F129}.Release|Any CPU.Build.0 = Release|Any CPU
	EndGlobalSection
	GlobalSection(SolutionProperties) = preSolution
		HideSolutionNode = FALSE
	EndGlobalSection
	GlobalSection(ExtensibilityGlobals) = postSolution
		SolutionGuid = {D60B80F5-E5E2-4906-9276-0960143598DE}
	EndGlobalSection
EndGlobal
